
Microsoft Visual Studio Solution File, Format Version 12.00
# Visual Studio Version 17
VisualStudioVersion = 17.0.32112.339
MinimumVisualStudioVersion = 10.0.40219.1
Project("{FAE04EC0-301F-11D3-BF4B-00C04F79EFBC}") = "MouseHover_MouseLeaveEvent_WindowsApps", "MouseHover_MouseLeaveEvent_WindowsApps\MouseHover_MouseLeaveEvent_WindowsApps.csproj", "{DE2122E5-CABF-44AD-B4BB-E534388278FF}"
EndProject
Global
	GlobalSection(SolutionConfigurationPlatforms) = preSolution
		Debug|Any CPU = Debug|Any CPU
		Release|Any CPU = Release|Any CPU
	EndGlobalSection
	GlobalSection(ProjectConfigurationPlatforms) = postSolution
		{DE2122E5-CABF-44AD-B4BB-E534388278FF}.Debug|Any CPU.ActiveCfg = Debug|Any CPU
		{DE2122E5-CABF-44AD-B4BB-E534388278FF}.Debug|Any CPU.Build.0 = Debug|Any CPU
		{DE2122E5-CABF-44AD-B4BB-E534388278FF}.Release|Any CPU.ActiveCfg = Release|Any CPU
		{DE2122E5-CABF-44AD-B4BB-E534388278FF}.Release|Any CPU.Build.0 = Release|Any CPU
	EndGlobalSection
	GlobalSection(SolutionProperties) = preSolution
		HideSolutionNode = FALSE
	EndGlobalSection
	GlobalSection(ExtensibilityGlobals) = postSolution
		SolutionGuid = {151ED5FC-08FF-42F8-9B75-ACC85F820621}
	EndGlobalSection
EndGlobal
