
Microsoft Visual Studio Solution File, Format Version 12.00
# Visual Studio Version 17
VisualStudioVersion = 17.0.32112.339
MinimumVisualStudioVersion = 10.0.40219.1
Project("{FAE04EC0-301F-11D3-BF4B-00C04F79EFBC}") = "Email_Textbox_Validation_WindowsApps", "Email_Textbox_Validation_WindowsApps\Email_Textbox_Validation_WindowsApps.csproj", "{23C57483-D24D-46D9-8EA9-90760B9F0E1A}"
EndProject
Global
	GlobalSection(SolutionConfigurationPlatforms) = preSolution
		Debug|Any CPU = Debug|Any CPU
		Release|Any CPU = Release|Any CPU
	EndGlobalSection
	GlobalSection(ProjectConfigurationPlatforms) = postSolution
		{23C57483-D24D-46D9-8EA9-90760B9F0E1A}.Debug|Any CPU.ActiveCfg = Debug|Any CPU
		{23C57483-D24D-46D9-8EA9-90760B9F0E1A}.Debug|Any CPU.Build.0 = Debug|Any CPU
		{23C57483-D24D-46D9-8EA9-90760B9F0E1A}.Release|Any CPU.ActiveCfg = Release|Any CPU
		{23C57483-D24D-46D9-8EA9-90760B9F0E1A}.Release|Any CPU.Build.0 = Release|Any CPU
	EndGlobalSection
	GlobalSection(SolutionProperties) = preSolution
		HideSolutionNode = FALSE
	EndGlobalSection
	GlobalSection(ExtensibilityGlobals) = postSolution
		SolutionGuid = {904D3976-E73D-4555-8F50-13744373ABB1}
	EndGlobalSection
EndGlobal
