
Microsoft Visual Studio Solution File, Format Version 12.00
# Visual Studio Version 17
VisualStudioVersion = 17.0.32112.339
MinimumVisualStudioVersion = 10.0.40219.1
Project("{FAE04EC0-301F-11D3-BF4B-00C04F79EFBC}") = "UpdateValuesOfListBox_WindowsApps", "UpdateValuesOfListBox_WindowsApps\UpdateValuesOfListBox_WindowsApps.csproj", "{EC7EA41B-2453-45B9-BA3E-0284A2C72DF6}"
EndProject
Global
	GlobalSection(SolutionConfigurationPlatforms) = preSolution
		Debug|Any CPU = Debug|Any CPU
		Release|Any CPU = Release|Any CPU
	EndGlobalSection
	GlobalSection(ProjectConfigurationPlatforms) = postSolution
		{EC7EA41B-2453-45B9-BA3E-0284A2C72DF6}.Debug|Any CPU.ActiveCfg = Debug|Any CPU
		{EC7EA41B-2453-45B9-BA3E-0284A2C72DF6}.Debug|Any CPU.Build.0 = Debug|Any CPU
		{EC7EA41B-2453-45B9-BA3E-0284A2C72DF6}.Release|Any CPU.ActiveCfg = Release|Any CPU
		{EC7EA41B-2453-45B9-BA3E-0284A2C72DF6}.Release|Any CPU.Build.0 = Release|Any CPU
	EndGlobalSection
	GlobalSection(SolutionProperties) = preSolution
		HideSolutionNode = FALSE
	EndGlobalSection
	GlobalSection(ExtensibilityGlobals) = postSolution
		SolutionGuid = {16F8A86F-D987-4019-991B-E95954E577A4}
	EndGlobalSection
EndGlobal
