
Microsoft Visual Studio Solution File, Format Version 12.00
# Visual Studio Version 17
VisualStudioVersion = 17.0.32112.339
MinimumVisualStudioVersion = 10.0.40219.1
Project("{FAE04EC0-301F-11D3-BF4B-00C04F79EFBC}") = "Checkbox_Control_WindowsApps", "Checkbox_Control_WindowsApps\Checkbox_Control_WindowsApps.csproj", "{A99528FB-AB38-432E-A434-1E2E8259B5E4}"
EndProject
Global
	GlobalSection(SolutionConfigurationPlatforms) = preSolution
		Debug|Any CPU = Debug|Any CPU
		Release|Any CPU = Release|Any CPU
	EndGlobalSection
	GlobalSection(ProjectConfigurationPlatforms) = postSolution
		{A99528FB-AB38-432E-A434-1E2E8259B5E4}.Debug|Any CPU.ActiveCfg = Debug|Any CPU
		{A99528FB-AB38-432E-A434-1E2E8259B5E4}.Debug|Any CPU.Build.0 = Debug|Any CPU
		{A99528FB-AB38-432E-A434-1E2E8259B5E4}.Release|Any CPU.ActiveCfg = Release|Any CPU
		{A99528FB-AB38-432E-A434-1E2E8259B5E4}.Release|Any CPU.Build.0 = Release|Any CPU
	EndGlobalSection
	GlobalSection(SolutionProperties) = preSolution
		HideSolutionNode = FALSE
	EndGlobalSection
	GlobalSection(ExtensibilityGlobals) = postSolution
		SolutionGuid = {07ACA0BC-0488-45A8-A464-A36F06F39C41}
	EndGlobalSection
EndGlobal
