
Microsoft Visual Studio Solution File, Format Version 12.00
# Visual Studio Version 17
VisualStudioVersion = 17.0.32112.339
MinimumVisualStudioVersion = 10.0.40219.1
Project("{FAE04EC0-301F-11D3-BF4B-00C04F79EFBC}") = "Introduction_windows_Apps", "Introduction_windows_Apps\Introduction_windows_Apps.csproj", "{2A62188B-30C2-4D5D-B3E5-68B3069FB74A}"
EndProject
Global
	GlobalSection(SolutionConfigurationPlatforms) = preSolution
		Debug|Any CPU = Debug|Any CPU
		Release|Any CPU = Release|Any CPU
	EndGlobalSection
	GlobalSection(ProjectConfigurationPlatforms) = postSolution
		{2A62188B-30C2-4D5D-B3E5-68B3069FB74A}.Debug|Any CPU.ActiveCfg = Debug|Any CPU
		{2A62188B-30C2-4D5D-B3E5-68B3069FB74A}.Debug|Any CPU.Build.0 = Debug|Any CPU
		{2A62188B-30C2-4D5D-B3E5-68B3069FB74A}.Release|Any CPU.ActiveCfg = Release|Any CPU
		{2A62188B-30C2-4D5D-B3E5-68B3069FB74A}.Release|Any CPU.Build.0 = Release|Any CPU
	EndGlobalSection
	GlobalSection(SolutionProperties) = preSolution
		HideSolutionNode = FALSE
	EndGlobalSection
	GlobalSection(ExtensibilityGlobals) = postSolution
		SolutionGuid = {0F9EA2D0-4166-4EF1-B775-60AE1A3EBDEA}
	EndGlobalSection
EndGlobal
